// !$*UTF8*$!
{
	archiveVersion = 1;
	classes = {
	};
	objectVersion = 51;
	objects = {

/* Begin PBXBuildFile section */
		4445AD4E01BE7B21F1BF7E72 /* Pods_Zoo.framework in Frameworks */ = {isa = PBXBuildFile; fileRef = 3EC458EBBE4E28ADFBD662A0 /* Pods_Zoo.framework */; };
		643427E12648E75B00B941DD /* House.swift in Sources */ = {isa = PBXBuildFile; fileRef = 643427E02648E75B00B941DD /* House.swift */; };
		643427E52648E8D300B941DD /* Plant.swift in Sources */ = {isa = PBXBuildFile; fileRef = 643427E42648E8D300B941DD /* Plant.swift */; };
		64C8D41E25EF7E5400325FC4 /* AppDelegate.swift in Sources */ = {isa = PBXBuildFile; fileRef = 64C8D41D25EF7E5400325FC4 /* AppDelegate.swift */; };
		64C8D42025EF7E5400325FC4 /* SceneDelegate.swift in Sources */ = {isa = PBXBuildFile; fileRef = 64C8D41F25EF7E5400325FC4 /* SceneDelegate.swift */; };
		64C8D42525EF7E5400325FC4 /* Main.storyboard in Resources */ = {isa = PBXBuildFile; fileRef = 64C8D42325EF7E5400325FC4 /* Main.storyboard */; };
		64C8D42725EF7E5700325FC4 /* Assets.xcassets in Resources */ = {isa = PBXBuildFile; fileRef = 64C8D42625EF7E5700325FC4 /* Assets.xcassets */; };
		64C8D42A25EF7E5700325FC4 /* LaunchScreen.storyboard in Resources */ = {isa = PBXBuildFile; fileRef = 64C8D42825EF7E5700325FC4 /* LaunchScreen.storyboard */; };
		64C8D43325EF7ED500325FC4 /* houseMenuTableViewController.swift in Sources */ = {isa = PBXBuildFile; fileRef = 64C8D43225EF7ED500325FC4 /* houseMenuTableViewController.swift */; };
		64C8D43625EF7EEC00325FC4 /* houseDetailViewController.swift in Sources */ = {isa = PBXBuildFile; fileRef = 64C8D43525EF7EEC00325FC4 /* houseDetailViewController.swift */; };
		64C8D43C25EF7F1500325FC4 /* zooBrain.swift in Sources */ = {isa = PBXBuildFile; fileRef = 64C8D43B25EF7F1500325FC4 /* zooBrain.swift */; };
		64C8D44025EF80EA00325FC4 /* listCell.swift in Sources */ = {isa = PBXBuildFile; fileRef = 64C8D43E25EF80EA00325FC4 /* listCell.swift */; };
		64C8D44125EF80EA00325FC4 /* listCell.xib in Resources */ = {isa = PBXBuildFile; fileRef = 64C8D43F25EF80EA00325FC4 /* listCell.xib */; };
		64C8D45325EF835D00325FC4 /* Constants.swift in Sources */ = {isa = PBXBuildFile; fileRef = 64C8D45225EF835D00325FC4 /* Constants.swift */; };
		64EDB8A72653790B00B4CF43 /* loadImageViewController.swift in Sources */ = {isa = PBXBuildFile; fileRef = 64EDB8A62653790B00B4CF43 /* loadImageViewController.swift */; };
		64F4FC3F25F8AE9600BA2D17 /* plantDetailViewController.swift in Sources */ = {isa = PBXBuildFile; fileRef = 64F4FC3E25F8AE9600BA2D17 /* plantDetailViewController.swift */; };
/* End PBXBuildFile section */

/* Begin PBXFileReference section */
		0BDE2C62364F37A77370EE36 /* Pods-Zoo.debug.xcconfig */ = {isa = PBXFileReference; includeInIndex = 1; lastKnownFileType = text.xcconfig; name = "Pods-Zoo.debug.xcconfig"; path = "Target Support Files/Pods-Zoo/Pods-Zoo.debug.xcconfig"; sourceTree = "<group>"; };
		3EC458EBBE4E28ADFBD662A0 /* Pods_Zoo.framework */ = {isa = PBXFileReference; explicitFileType = wrapper.framework; includeInIndex = 0; path = Pods_Zoo.framework; sourceTree = BUILT_PRODUCTS_DIR; };
		643427E02648E75B00B941DD /* House.swift */ = {isa = PBXFileReference; lastKnownFileType = sourcecode.swift; path = House.swift; sourceTree = "<group>"; };
		643427E42648E8D300B941DD /* Plant.swift */ = {isa = PBXFileReference; lastKnownFileType = sourcecode.swift; path = Plant.swift; sourceTree = "<group>"; };
		64C8D41A25EF7E5400325FC4 /* Zoo.app */ = {isa = PBXFileReference; explicitFileType = wrapper.application; includeInIndex = 0; path = Zoo.app; sourceTree = BUILT_PRODUCTS_DIR; };
		64C8D41D25EF7E5400325FC4 /* AppDelegate.swift */ = {isa = PBXFileReference; lastKnownFileType = sourcecode.swift; path = AppDelegate.swift; sourceTree = "<group>"; };
		64C8D41F25EF7E5400325FC4 /* SceneDelegate.swift */ = {isa = PBXFileReference; lastKnownFileType = sourcecode.swift; path = SceneDelegate.swift; sourceTree = "<group>"; };
		64C8D42425EF7E5400325FC4 /* Base */ = {isa = PBXFileReference; lastKnownFileType = file.storyboard; name = Base; path = Base.lproj/Main.storyboard; sourceTree = "<group>"; };
		64C8D42625EF7E5700325FC4 /* Assets.xcassets */ = {isa = PBXFileReference; lastKnownFileType = folder.assetcatalog; path = Assets.xcassets; sourceTree = "<group>"; };
		64C8D42925EF7E5700325FC4 /* Base */ = {isa = PBXFileReference; lastKnownFileType = file.storyboard; name = Base; path = Base.lproj/LaunchScreen.storyboard; sourceTree = "<group>"; };
		64C8D42B25EF7E5700325FC4 /* Info.plist */ = {isa = PBXFileReference; lastKnownFileType = text.plist.xml; path = Info.plist; sourceTree = "<group>"; };
		64C8D43225EF7ED500325FC4 /* houseMenuTableViewController.swift */ = {isa = PBXFileReference; lastKnownFileType = sourcecode.swift; path = houseMenuTableViewController.swift; sourceTree = "<group>"; };
		64C8D43525EF7EEC00325FC4 /* houseDetailViewController.swift */ = {isa = PBXFileReference; lastKnownFileType = sourcecode.swift; path = houseDetailViewController.swift; sourceTree = "<group>"; };
		64C8D43B25EF7F1500325FC4 /* zooBrain.swift */ = {isa = PBXFileReference; lastKnownFileType = sourcecode.swift; path = zooBrain.swift; sourceTree = "<group>"; };
		64C8D43E25EF80EA00325FC4 /* listCell.swift */ = {isa = PBXFileReference; lastKnownFileType = sourcecode.swift; path = listCell.swift; sourceTree = "<group>"; };
		64C8D43F25EF80EA00325FC4 /* listCell.xib */ = {isa = PBXFileReference; lastKnownFileType = file.xib; path = listCell.xib; sourceTree = "<group>"; };
		64C8D45225EF835D00325FC4 /* Constants.swift */ = {isa = PBXFileReference; lastKnownFileType = sourcecode.swift; path = Constants.swift; sourceTree = "<group>"; };
		64EDB8A62653790B00B4CF43 /* loadImageViewController.swift */ = {isa = PBXFileReference; lastKnownFileType = sourcecode.swift; path = loadImageViewController.swift; sourceTree = "<group>"; };
		64F4FC3E25F8AE9600BA2D17 /* plantDetailViewController.swift */ = {isa = PBXFileReference; lastKnownFileType = sourcecode.swift; path = plantDetailViewController.swift; sourceTree = "<group>"; };
		DB50AF8512A6F416E89292E2 /* Pods-Zoo.release.xcconfig */ = {isa = PBXFileReference; includeInIndex = 1; lastKnownFileType = text.xcconfig; name = "Pods-Zoo.release.xcconfig"; path = "Target Support Files/Pods-Zoo/Pods-Zoo.release.xcconfig"; sourceTree = "<group>"; };
/* End PBXFileReference section */

/* Begin PBXFrameworksBuildPhase section */
		64C8D41725EF7E5400325FC4 /* Frameworks */ = {
			isa = PBXFrameworksBuildPhase;
			buildActionMask = 2147483647;
			files = (
				4445AD4E01BE7B21F1BF7E72 /* Pods_Zoo.framework in Frameworks */,
			);
			runOnlyForDeploymentPostprocessing = 0;
		};
/* End PBXFrameworksBuildPhase section */

/* Begin PBXGroup section */
		00E277CB20C87CA430D782B0 /* Frameworks */ = {
			isa = PBXGroup;
			children = (
				3EC458EBBE4E28ADFBD662A0 /* Pods_Zoo.framework */,
			);
			name = Frameworks;
			sourceTree = "<group>";
		};
		64C8D41125EF7E5400325FC4 = {
			isa = PBXGroup;
			children = (
				64C8D41C25EF7E5400325FC4 /* Zoo */,
				64C8D41B25EF7E5400325FC4 /* Products */,
				E80A1C3B2FF6B4208A3810D7 /* Pods */,
				00E277CB20C87CA430D782B0 /* Frameworks */,
			);
			sourceTree = "<group>";
		};
		64C8D41B25EF7E5400325FC4 /* Products */ = {
			isa = PBXGroup;
			children = (
				64C8D41A25EF7E5400325FC4 /* Zoo.app */,
			);
			name = Products;
			sourceTree = "<group>";
		};
		64C8D41C25EF7E5400325FC4 /* Zoo */ = {
			isa = PBXGroup;
			children = (
				64C8D41D25EF7E5400325FC4 /* AppDelegate.swift */,
				64C8D41F25EF7E5400325FC4 /* SceneDelegate.swift */,
				64F4FC0225F4D6AD00BA2D17 /* Model */,
				64F4FC2F25F7279500BA2D17 /* View */,
				64F4FC2E25F7278A00BA2D17 /* Controller */,
				64C8D42625EF7E5700325FC4 /* Assets.xcassets */,
				64C8D42825EF7E5700325FC4 /* LaunchScreen.storyboard */,
				64C8D42B25EF7E5700325FC4 /* Info.plist */,
			);
			path = Zoo;
			sourceTree = "<group>";
		};
		64F4FC0225F4D6AD00BA2D17 /* Model */ = {
			isa = PBXGroup;
			children = (
				64C8D43B25EF7F1500325FC4 /* zooBrain.swift */,
				64C8D45225EF835D00325FC4 /* Constants.swift */,
				643427E02648E75B00B941DD /* House.swift */,
				643427E42648E8D300B941DD /* Plant.swift */,
			);
			path = Model;
			sourceTree = "<group>";
		};
		64F4FC2E25F7278A00BA2D17 /* Controller */ = {
			isa = PBXGroup;
			children = (
				64C8D43225EF7ED500325FC4 /* houseMenuTableViewController.swift */,
				64C8D43525EF7EEC00325FC4 /* houseDetailViewController.swift */,
				64F4FC3E25F8AE9600BA2D17 /* plantDetailViewController.swift */,
				64EDB8A62653790B00B4CF43 /* loadImageViewController.swift */,
			);
			path = Controller;
			sourceTree = "<group>";
		};
		64F4FC2F25F7279500BA2D17 /* View */ = {
			isa = PBXGroup;
			children = (
				64C8D42325EF7E5400325FC4 /* Main.storyboard */,
				64C8D43E25EF80EA00325FC4 /* listCell.swift */,
				64C8D43F25EF80EA00325FC4 /* listCell.xib */,
			);
			path = View;
			sourceTree = "<group>";
		};
		E80A1C3B2FF6B4208A3810D7 /* Pods */ = {
			isa = PBXGroup;
			children = (
				0BDE2C62364F37A77370EE36 /* Pods-Zoo.debug.xcconfig */,
				DB50AF8512A6F416E89292E2 /* Pods-Zoo.release.xcconfig */,
			);
			path = Pods;
			sourceTree = "<group>";
		};
/* End PBXGroup section */

/* Begin PBXNativeTarget section */
		64C8D41925EF7E5400325FC4 /* Zoo */ = {
			isa = PBXNativeTarget;
			buildConfigurationList = 64C8D42E25EF7E5700325FC4 /* Build configuration list for PBXNativeTarget "Zoo" */;
			buildPhases = (
				8F648F673EB401D6EBF02DA5 /* [CP] Check Pods Manifest.lock */,
				64C8D41625EF7E5400325FC4 /* Sources */,
				64C8D41725EF7E5400325FC4 /* Frameworks */,
				64C8D41825EF7E5400325FC4 /* Resources */,
				BB6957A8987640FA3EAA7BA4 /* [CP] Embed Pods Frameworks */,
			);
			buildRules = (
			);
			dependencies = (
			);
			name = Zoo;
			productName = Zoo;
			productReference = 64C8D41A25EF7E5400325FC4 /* Zoo.app */;
			productType = "com.apple.product-type.application";
		};
/* End PBXNativeTarget section */

/* Begin PBXProject section */
		64C8D41225EF7E5400325FC4 /* Project object */ = {
			isa = PBXProject;
			attributes = {
				LastSwiftUpdateCheck = 1230;
				LastUpgradeCheck = 1230;
				TargetAttributes = {
					64C8D41925EF7E5400325FC4 = {
						CreatedOnToolsVersion = 12.3;
					};
				};
			};
			buildConfigurationList = 64C8D41525EF7E5400325FC4 /* Build configuration list for PBXProject "Zoo" */;
			compatibilityVersion = "Xcode 9.3";
			developmentRegion = en;
			hasScannedForEncodings = 0;
			knownRegions = (
				en,
				Base,
			);
			mainGroup = 64C8D41125EF7E5400325FC4;
			productRefGroup = 64C8D41B25EF7E5400325FC4 /* Products */;
			projectDirPath = "";
			projectRoot = "";
			targets = (
				64C8D41925EF7E5400325FC4 /* Zoo */,
			);
		};
/* End PBXProject section */

/* Begin PBXResourcesBuildPhase section */
		64C8D41825EF7E5400325FC4 /* Resources */ = {
			isa = PBXResourcesBuildPhase;
			buildActionMask = 2147483647;
			files = (
				64C8D42A25EF7E5700325FC4 /* LaunchScreen.storyboard in Resources */,
				64C8D42725EF7E5700325FC4 /* Assets.xcassets in Resources */,
				64C8D42525EF7E5400325FC4 /* Main.storyboard in Resources */,
				64C8D44125EF80EA00325FC4 /* listCell.xib in Resources */,
			);
			runOnlyForDeploymentPostprocessing = 0;
		};
/* End PBXResourcesBuildPhase section */

/* Begin PBXShellScriptBuildPhase section */
		8F648F673EB401D6EBF02DA5 /* [CP] Check Pods Manifest.lock */ = {
			isa = PBXShellScriptBuildPhase;
			buildActionMask = 2147483647;
			files = (
			);
			inputFileListPaths = (
			);
			inputPaths = (
				"${PODS_PODFILE_DIR_PATH}/Podfile.lock",
				"${PODS_ROOT}/Manifest.lock",
			);
			name = "[CP] Check Pods Manifest.lock";
			outputFileListPaths = (
			);
			outputPaths = (
				"$(DERIVED_FILE_DIR)/Pods-Zoo-checkManifestLockResult.txt",
			);
			runOnlyForDeploymentPostprocessing = 0;
			shellPath = /bin/sh;
			shellScript = "diff \"${PODS_PODFILE_DIR_PATH}/Podfile.lock\" \"${PODS_ROOT}/Manifest.lock\" > /dev/null\nif [ $? != 0 ] ; then\n    # print error to STDERR\n    echo \"error: The sandbox is not in sync with the Podfile.lock. Run 'pod install' or update your CocoaPods installation.\" >&2\n    exit 1\nfi\n# This output is used by Xcode 'outputs' to avoid re-running this script phase.\necho \"SUCCESS\" > \"${SCRIPT_OUTPUT_FILE_0}\"\n";
			showEnvVarsInLog = 0;
		};
		BB6957A8987640FA3EAA7BA4 /* [CP] Embed Pods Frameworks */ = {
			isa = PBXShellScriptBuildPhase;
			buildActionMask = 2147483647;
			files = (
			);
			inputFileListPaths = (
				"${PODS_ROOT}/Target Support Files/Pods-Zoo/Pods-Zoo-frameworks-${CONFIGURATION}-input-files.xcfilelist",
			);
			name = "[CP] Embed Pods Frameworks";
			outputFileListPaths = (
				"${PODS_ROOT}/Target Support Files/Pods-Zoo/Pods-Zoo-frameworks-${CONFIGURATION}-output-files.xcfilelist",
			);
			runOnlyForDeploymentPostprocessing = 0;
			shellPath = /bin/sh;
			shellScript = "\"${PODS_ROOT}/Target Support Files/Pods-Zoo/Pods-Zoo-frameworks.sh\"\n";
			showEnvVarsInLog = 0;
		};
/* End PBXShellScriptBuildPhase section */

/* Begin PBXSourcesBuildPhase section */
		64C8D41625EF7E5400325FC4 /* Sources */ = {
			isa = PBXSourcesBuildPhase;
			buildActionMask = 2147483647;
			files = (
				64C8D43625EF7EEC00325FC4 /* houseDetailViewController.swift in Sources */,
				64EDB8A72653790B00B4CF43 /* loadImageViewController.swift in Sources */,
				64C8D43325EF7ED500325FC4 /* houseMenuTableViewController.swift in Sources */,
				64F4FC3F25F8AE9600BA2D17 /* plantDetailViewController.swift in Sources */,
				643427E52648E8D300B941DD /* Plant.swift in Sources */,
				64C8D41E25EF7E5400325FC4 /* AppDelegate.swift in Sources */,
				64C8D42025EF7E5400325FC4 /* SceneDelegate.swift in Sources */,
				643427E12648E75B00B941DD /* House.swift in Sources */,
				64C8D43C25EF7F1500325FC4 /* zooBrain.swift in Sources */,
				64C8D44025EF80EA00325FC4 /* listCell.swift in Sources */,
				64C8D45325EF835D00325FC4 /* Constants.swift in Sources */,
			);
			runOnlyForDeploymentPostprocessing = 0;
		};
/* End PBXSourcesBuildPhase section */

/* Begin PBXVariantGroup section */
		64C8D42325EF7E5400325FC4 /* Main.storyboard */ = {
			isa = PBXVariantGroup;
			children = (
				64C8D42425EF7E5400325FC4 /* Base */,
			);
			name = Main.storyboard;
			sourceTree = "<group>";
		};
		64C8D42825EF7E5700325FC4 /* LaunchScreen.storyboard */ = {
			isa = PBXVariantGroup;
			children = (
				64C8D42925EF7E5700325FC4 /* Base */,
			);
			name = LaunchScreen.storyboard;
			sourceTree = "<group>";
		};
/* End PBXVariantGroup section */

/* Begin XCBuildConfiguration section */
		64C8D42C25EF7E5700325FC4 /* Debug */ = {
			isa = XCBuildConfiguration;
			buildSettings = {
				ALWAYS_SEARCH_USER_PATHS = NO;
				CLANG_ANALYZER_NONNULL = YES;
				CLANG_ANALYZER_NUMBER_OBJECT_CONVERSION = YES_AGGRESSIVE;
				CLANG_CXX_LANGUAGE_STANDARD = "gnu++14";
				CLANG_CXX_LIBRARY = "libc++";
				CLANG_ENABLE_MODULES = YES;
				CLANG_ENABLE_OBJC_ARC = YES;
				CLANG_ENABLE_OBJC_WEAK = YES;
				CLANG_WARN_BLOCK_CAPTURE_AUTORELEASING = YES;
				CLANG_WARN_BOOL_CONVERSION = YES;
				CLANG_WARN_COMMA = YES;
				CLANG_WARN_CONSTANT_CONVERSION = YES;
				CLANG_WARN_DEPRECATED_OBJC_IMPLEMENTATIONS = YES;
				CLANG_WARN_DIRECT_OBJC_ISA_USAGE = YES_ERROR;
				CLANG_WARN_DOCUMENTATION_COMMENTS = YES;
				CLANG_WARN_EMPTY_BODY = YES;
				CLANG_WARN_ENUM_CONVERSION = YES;
				CLANG_WARN_INFINITE_RECURSION = YES;
				CLANG_WARN_INT_CONVERSION = YES;
				CLANG_WARN_NON_LITERAL_NULL_CONVERSION = YES;
				CLANG_WARN_OBJC_IMPLICIT_RETAIN_SELF = YES;
				CLANG_WARN_OBJC_LITERAL_CONVERSION = YES;
				CLANG_WARN_OBJC_ROOT_CLASS = YES_ERROR;
				CLANG_WARN_QUOTED_INCLUDE_IN_FRAMEWORK_HEADER = YES;
				CLANG_WARN_RANGE_LOOP_ANALYSIS = YES;
				CLANG_WARN_STRICT_PROTOTYPES = YES;
				CLANG_WARN_SUSPICIOUS_MOVE = YES;
				CLANG_WARN_UNGUARDED_AVAILABILITY = YES_AGGRESSIVE;
				CLANG_WARN_UNREACHABLE_CODE = YES;
				CLANG_WARN__DUPLICATE_METHOD_MATCH = YES;
				COPY_PHASE_STRIP = NO;
				DEBUG_INFORMATION_FORMAT = dwarf;
				ENABLE_STRICT_OBJC_MSGSEND = YES;
				ENABLE_TESTABILITY = YES;
				GCC_C_LANGUAGE_STANDARD = gnu11;
				GCC_DYNAMIC_NO_PIC = NO;
				GCC_NO_COMMON_BLOCKS = YES;
				GCC_OPTIMIZATION_LEVEL = 0;
				GCC_PREPROCESSOR_DEFINITIONS = (
					"DEBUG=1",
					"$(inherited)",
				);
				GCC_WARN_64_TO_32_BIT_CONVERSION = YES;
				GCC_WARN_ABOUT_RETURN_TYPE = YES_ERROR;
				GCC_WARN_UNDECLARED_SELECTOR = YES;
				GCC_WARN_UNINITIALIZED_AUTOS = YES_AGGRESSIVE;
				GCC_WARN_UNUSED_FUNCTION = YES;
				GCC_WARN_UNUSED_VARIABLE = YES;
				IPHONEOS_DEPLOYMENT_TARGET = 14.2;
				MTL_ENABLE_DEBUG_INFO = INCLUDE_SOURCE;
				MTL_FAST_MATH = YES;
				ONLY_ACTIVE_ARCH = YES;
				SDKROOT = iphoneos;
				SWIFT_ACTIVE_COMPILATION_CONDITIONS = DEBUG;
				SWIFT_OPTIMIZATION_LEVEL = "-Onone";
			};
			name = Debug;
		};
		64C8D42D25EF7E5700325FC4 /* Release */ = {
			isa = XCBuildConfiguration;
			buildSettings = {
				ALWAYS_SEARCH_USER_PATHS = NO;
				CLANG_ANALYZER_NONNULL = YES;
				CLANG_ANALYZER_NUMBER_OBJECT_CONVERSION = YES_AGGRESSIVE;
				CLANG_CXX_LANGUAGE_STANDARD = "gnu++14";
				CLANG_CXX_LIBRARY = "libc++";
				CLANG_ENABLE_MODULES = YES;
				CLANG_ENABLE_OBJC_ARC = YES;
				CLANG_ENABLE_OBJC_WEAK = YES;
				CLANG_WARN_BLOCK_CAPTURE_AUTORELEASING = YES;
				CLANG_WARN_BOOL_CONVERSION = YES;
				CLANG_WARN_COMMA = YES;
				CLANG_WARN_CONSTANT_CONVERSION = YES;
				CLANG_WARN_DEPRECATED_OBJC_IMPLEMENTATIONS = YES;
				CLANG_WARN_DIRECT_OBJC_ISA_USAGE = YES_ERROR;
				CLANG_WARN_DOCUMENTATION_COMMENTS = YES;
				CLANG_WARN_EMPTY_BODY = YES;
				CLANG_WARN_ENUM_CONVERSION = YES;
				CLANG_WARN_INFINITE_RECURSION = YES;
				CLANG_WARN_INT_CONVERSION = YES;
				CLANG_WARN_NON_LITERAL_NULL_CONVERSION = YES;
				CLANG_WARN_OBJC_IMPLICIT_RETAIN_SELF = YES;
				CLANG_WARN_OBJC_LITERAL_CONVERSION = YES;
				CLANG_WARN_OBJC_ROOT_CLASS = YES_ERROR;
				CLANG_WARN_QUOTED_INCLUDE_IN_FRAMEWORK_HEADER = YES;
				CLANG_WARN_RANGE_LOOP_ANALYSIS = YES;
				CLANG_WARN_STRICT_PROTOTYPES = YES;
				CLANG_WARN_SUSPICIOUS_MOVE = YES;
				CLANG_WARN_UNGUARDED_AVAILABILITY = YES_AGGRESSIVE;
				CLANG_WARN_UNREACHABLE_CODE = YES;
				CLANG_WARN__DUPLICATE_METHOD_MATCH = YES;
				COPY_PHASE_STRIP = NO;
				DEBUG_INFORMATION_FORMAT = "dwarf-with-dsym";
				ENABLE_NS_ASSERTIONS = NO;
				ENABLE_STRICT_OBJC_MSGSEND = YES;
				GCC_C_LANGUAGE_STANDARD = gnu11;
				GCC_NO_COMMON_BLOCKS = YES;
				GCC_WARN_64_TO_32_BIT_CONVERSION = YES;
				GCC_WARN_ABOUT_RETURN_TYPE = YES_ERROR;
				GCC_WARN_UNDECLARED_SELECTOR = YES;
				GCC_WARN_UNINITIALIZED_AUTOS = YES_AGGRESSIVE;
				GCC_WARN_UNUSED_FUNCTION = YES;
				GCC_WARN_UNUSED_VARIABLE = YES;
				IPHONEOS_DEPLOYMENT_TARGET = 14.2;
				MTL_ENABLE_DEBUG_INFO = NO;
				MTL_FAST_MATH = YES;
				SDKROOT = iphoneos;
				SWIFT_COMPILATION_MODE = wholemodule;
				SWIFT_OPTIMIZATION_LEVEL = "-O";
				VALIDATE_PRODUCT = YES;
			};
			name = Release;
		};
		64C8D42F25EF7E5700325FC4 /* Debug */ = {
			isa = XCBuildConfiguration;
			baseConfigurationReference = 0BDE2C62364F37A77370EE36 /* Pods-Zoo.debug.xcconfig */;
			buildSettings = {
				ASSETCATALOG_COMPILER_APPICON_NAME = AppIcon;
				ASSETCATALOG_COMPILER_GLOBAL_ACCENT_COLOR_NAME = AccentColor;
				CODE_SIGN_STYLE = Automatic;
				DEVELOPMENT_TEAM = X8VRLAS2GU;
				INFOPLIST_FILE = Zoo/Info.plist;
				LD_RUNPATH_SEARCH_PATHS = (
					"$(inherited)",
					"@executable_path/Frameworks",
				);
				PRODUCT_BUNDLE_IDENTIFIER = tool.portfolio.alicefang.Zoo;
				PRODUCT_NAME = "$(TARGET_NAME)";
				SWIFT_VERSION = 5.0;
				TARGETED_DEVICE_FAMILY = "1,2";
			};
			name = Debug;
		};
		64C8D43025EF7E5700325FC4 /* Release */ = {
			isa = XCBuildConfiguration;
			baseConfigurationReference = DB50AF8512A6F416E89292E2 /* Pods-Zoo.release.xcconfig */;
			buildSettings = {
				ASSETCATALOG_COMPILER_APPICON_NAME = AppIcon;
				ASSETCATALOG_COMPILER_GLOBAL_ACCENT_COLOR_NAME = AccentColor;
				CODE_SIGN_STYLE = Automatic;
				DEVELOPMENT_TEAM = X8VRLAS2GU;
				INFOPLIST_FILE = Zoo/Info.plist;
				LD_RUNPATH_SEARCH_PATHS = (
					"$(inherited)",
					"@executable_path/Frameworks",
				);
				PRODUCT_BUNDLE_IDENTIFIER = tool.portfolio.alicefang.Zoo;
				PRODUCT_NAME = "$(TARGET_NAME)";
				SWIFT_VERSION = 5.0;
				TARGETED_DEVICE_FAMILY = "1,2";
			};
			name = Release;
		};
/* End XCBuildConfiguration section */

/* Begin XCConfigurationList section */
		64C8D41525EF7E5400325FC4 /* Build configuration list for PBXProject "Zoo" */ = {
			isa = XCConfigurationList;
			buildConfigurations = (
				64C8D42C25EF7E5700325FC4 /* Debug */,
				64C8D42D25EF7E5700325FC4 /* Release */,
			);
			defaultConfigurationIsVisible = 0;
			defaultConfigurationName = Release;
		};
		64C8D42E25EF7E5700325FC4 /* Build configuration list for PBXNativeTarget "Zoo" */ = {
			isa = XCConfigurationList;
			buildConfigurations = (
				64C8D42F25EF7E5700325FC4 /* Debug */,
				64C8D43025EF7E5700325FC4 /* Release */,
			);
			defaultConfigurationIsVisible = 0;
			defaultConfigurationName = Release;
		};
/* End XCConfigurationList section */
	};
	rootObject = 64C8D41225EF7E5400325FC4 /* Project object */;
}
